# THIS IS AN AUTOGENERATED FILE. DO NOT EDIT THIS FILE DIRECTLY.
# yarn lockfile v1


"0g@^0.0.6":
  "integrity" "sha512-Jl2KSO1NVkQOkipndFD6ICi2n6dxghhJz9vSTR6gpRXWZTvtFoEaSnXBwssQiZ/JVU00g67RVkItYvBJaKOi0w=="
  "resolved" "https://registry.npmjs.org/0g/-/0g-0.0.6.tgz"
  "version" "0.0.6"
  dependencies:
    "mnemonist" "^0.38.1"
    "shortid" "^2.2.16"

"mnemonist@^0.38.1":
  "integrity" "sha512-2K9QYubXx/NAjv4VLq1d1Ly8pWNC5L3BrixtdkyTegXWJIqY+zLNDhhX/A+ZwWt70tB1S8H4BE8FLYEFyNoOBw=="
  "resolved" "https://registry.npmjs.org/mnemonist/-/mnemonist-0.38.3.tgz"
  "version" "0.38.3"
  dependencies:
    "obliterator" "^1.6.1"

"nanoid@^2.1.0":
  "integrity" "sha512-s/snB+WGm6uwi0WjsZdaVcuf3KJXlfGl2LcxgwkEwJF0D/BWzVWAZW/XY4bFaiR7s0Jk3FPvlnepg1H1b1UwlA=="
  "resolved" "https://registry.npmjs.org/nanoid/-/nanoid-2.1.11.tgz"
  "version" "2.1.11"

"obliterator@^1.6.1":
  "integrity" "sha512-9WXswnqINnnhOG/5SLimUlzuU1hFJUc8zkwyD59Sd+dPOMf05PmnYG/d6Q7HZ+KmgkZJa1PxRso6QdM3sTNHig=="
  "resolved" "https://registry.npmjs.org/obliterator/-/obliterator-1.6.1.tgz"
  "version" "1.6.1"

"shortid@^2.2.16":
  "integrity" "sha512-Ugt+GIZqvGXCIItnsL+lvFJOiN7RYqlGy7QE41O3YC1xbNSeDGIRO7xg2JJXIAj1cAGnOeC1r7/T9pgrtQbv4g=="
  "resolved" "https://registry.npmjs.org/shortid/-/shortid-2.2.16.tgz"
  "version" "2.2.16"
  dependencies:
    "nanoid" "^2.1.0"
